
Microsoft Visual Studio Solution File, Format Version 12.00
# Visual Studio Version 17
VisualStudioVersion = 17.5.002.0
MinimumVisualStudioVersion = 10.0.40219.1
Project("{9A19103F-16F7-4668-BE54-9A1E7A4F7556}") = "ChoirManager", "ChoirManager.csproj", "{B15A0806-94AA-46E4-904C-8B888E396B39}"
EndProject
Global
	GlobalSection(SolutionConfigurationPlatforms) = preSolution
		Debug|Any CPU = Debug|Any CPU
		Release|Any CPU = Release|Any CPU
	EndGlobalSection
	GlobalSection(ProjectConfigurationPlatforms) = postSolution
		{B15A0806-94AA-46E4-904C-8B888E396B39}.Debug|Any CPU.ActiveCfg = Debug|Any CPU
		{B15A0806-94AA-46E4-904C-8B888E396B39}.Debug|Any CPU.Build.0 = Debug|Any CPU
		{B15A0806-94AA-46E4-904C-8B888E396B39}.Release|Any CPU.ActiveCfg = Release|Any CPU
		{B15A0806-94AA-46E4-904C-8B888E396B39}.Release|Any CPU.Build.0 = Release|Any CPU
	EndGlobalSection
	GlobalSection(SolutionProperties) = preSolution
		HideSolutionNode = FALSE
	EndGlobalSection
	GlobalSection(ExtensibilityGlobals) = postSolution
		SolutionGuid = {3D53E66B-89A6-4678-BEC9-1275B1CA4207}
	EndGlobalSection
EndGlobal
